
Microsoft Visual Studio Solution File, Format Version 12.00
# Visual Studio Version 16
VisualStudioVersion = 16.0.32630.194
MinimumVisualStudioVersion = 10.0.40219.1
Project("{FAE04EC0-301F-11D3-BF4B-00C04F79EFBC}") = "DemoApplication", "DemoApplication\DemoApplication.csproj", "{9F762525-99C4-4203-B4A1-70C82C5AF3A9}"
EndProject
Project("{FAE04EC0-301F-11D3-BF4B-00C04F79EFBC}") = "Employee.Data", "Employee.Data\Employee.Data.csproj", "{34BF1D7A-007F-4534-9D95-CB715B24477E}"
EndProject
Global
	GlobalSection(SolutionConfigurationPlatforms) = preSolution
		Debug|Any CPU = Debug|Any CPU
		Release|Any CPU = Release|Any CPU
	EndGlobalSection
	GlobalSection(ProjectConfigurationPlatforms) = postSolution
		{9F762525-99C4-4203-B4A1-70C82C5AF3A9}.Debug|Any CPU.ActiveCfg = Debug|Any CPU
		{9F762525-99C4-4203-B4A1-70C82C5AF3A9}.Debug|Any CPU.Build.0 = Debug|Any CPU
		{9F762525-99C4-4203-B4A1-70C82C5AF3A9}.Release|Any CPU.ActiveCfg = Release|Any CPU
		{9F762525-99C4-4203-B4A1-70C82C5AF3A9}.Release|Any CPU.Build.0 = Release|Any CPU
		{34BF1D7A-007F-4534-9D95-CB715B24477E}.Debug|Any CPU.ActiveCfg = Debug|Any CPU
		{34BF1D7A-007F-4534-9D95-CB715B24477E}.Debug|Any CPU.Build.0 = Debug|Any CPU
		{34BF1D7A-007F-4534-9D95-CB715B24477E}.Release|Any CPU.ActiveCfg = Release|Any CPU
		{34BF1D7A-007F-4534-9D95-CB715B24477E}.Release|Any CPU.Build.0 = Release|Any CPU
	EndGlobalSection
	GlobalSection(SolutionProperties) = preSolution
		HideSolutionNode = FALSE
	EndGlobalSection
	GlobalSection(ExtensibilityGlobals) = postSolution
		SolutionGuid = {8382D3A9-0479-4D85-B5F5-D9BD50F6D95F}
	EndGlobalSection
EndGlobal
